
Microsoft Visual Studio Solution File, Format Version 12.00
# Visual Studio 15
VisualStudioVersion = 15.0.27703.2018
MinimumVisualStudioVersion = 10.0.40219.1
Project("{FAE04EC0-301F-11D3-BF4B-00C04F79EFBC}") = "ConsoleApp", "ConsoleApp\ConsoleApp.csproj", "{090CC7F7-55D9-4A7A-B02A-84B510A6DDB5}"
EndProject
Project("{2150E333-8FDC-42A3-9474-1A3956D46DE8}") = "External", "External", "{9BC15D1A-E38D-4EA6-8F6A-0BD615614666}"
EndProject
Project("{9A19103F-16F7-4668-BE54-9A1E7A4F7556}") = "NBitcoin", "External\NBitcoin\NBitcoin.csproj", "{11ABCC02-813A-41BE-AC93-DF29A4B9D6FC}"
EndProject
Global
	GlobalSection(SolutionConfigurationPlatforms) = preSolution
		Debug|Any CPU = Debug|Any CPU
		Release|Any CPU = Release|Any CPU
	EndGlobalSection
	GlobalSection(ProjectConfigurationPlatforms) = postSolution
		{090CC7F7-55D9-4A7A-B02A-84B510A6DDB5}.Debug|Any CPU.ActiveCfg = Debug|Any CPU
		{090CC7F7-55D9-4A7A-B02A-84B510A6DDB5}.Debug|Any CPU.Build.0 = Debug|Any CPU
		{090CC7F7-55D9-4A7A-B02A-84B510A6DDB5}.Release|Any CPU.ActiveCfg = Release|Any CPU
		{090CC7F7-55D9-4A7A-B02A-84B510A6DDB5}.Release|Any CPU.Build.0 = Release|Any CPU
		{11ABCC02-813A-41BE-AC93-DF29A4B9D6FC}.Debug|Any CPU.ActiveCfg = Debug|Any CPU
		{11ABCC02-813A-41BE-AC93-DF29A4B9D6FC}.Debug|Any CPU.Build.0 = Debug|Any CPU
		{11ABCC02-813A-41BE-AC93-DF29A4B9D6FC}.Release|Any CPU.ActiveCfg = Release|Any CPU
		{11ABCC02-813A-41BE-AC93-DF29A4B9D6FC}.Release|Any CPU.Build.0 = Release|Any CPU
	EndGlobalSection
	GlobalSection(SolutionProperties) = preSolution
		HideSolutionNode = FALSE
	EndGlobalSection
	GlobalSection(NestedProjects) = preSolution
		{11ABCC02-813A-41BE-AC93-DF29A4B9D6FC} = {9BC15D1A-E38D-4EA6-8F6A-0BD615614666}
	EndGlobalSection
	GlobalSection(ExtensibilityGlobals) = postSolution
		SolutionGuid = {AD6EA6E2-5F72-43A6-8FE9-F15D419182AA}
	EndGlobalSection
EndGlobal
